// !$*UTF8*$!
{
	archiveVersion = 1;
	classes = {
	};
	objectVersion = 48;
	objects = {

/* Begin PBXBuildFile section */
		2EDA3B931FF4BFBE00B7F390 /* AppDelegate.swift in Sources */ = {isa = PBXBuildFile; fileRef = 2EDA3B921FF4BFBE00B7F390 /* AppDelegate.swift */; };
		2EDA3B951FF4BFBE00B7F390 /* RecordSoundsViewController.swift in Sources */ = {isa = PBXBuildFile; fileRef = 2EDA3B941FF4BFBE00B7F390 /* RecordSoundsViewController.swift */; };
		2EDA3B981FF4BFBE00B7F390 /* Main.storyboard in Resources */ = {isa = PBXBuildFile; fileRef = 2EDA3B961FF4BFBE00B7F390 /* Main.storyboard */; };
		2EDA3B9B1FF4BFBE00B7F390 /* Pitch_Perfect.xcdatamodeld in Sources */ = {isa = PBXBuildFile; fileRef = 2EDA3B991FF4BFBE00B7F390 /* Pitch_Perfect.xcdatamodeld */; };
		2EDA3B9D1FF4BFBE00B7F390 /* Assets.xcassets in Resources */ = {isa = PBXBuildFile; fileRef = 2EDA3B9C1FF4BFBE00B7F390 /* Assets.xcassets */; };
		2EDA3BA01FF4BFBE00B7F390 /* LaunchScreen.storyboard in Resources */ = {isa = PBXBuildFile; fileRef = 2EDA3B9E1FF4BFBE00B7F390 /* LaunchScreen.storyboard */; };
		2EDA3BA81FF4D2D100B7F390 /* PlaySoundsViewController.swift in Sources */ = {isa = PBXBuildFile; fileRef = 2EDA3BA71FF4D2D100B7F390 /* PlaySoundsViewController.swift */; };
		2EDA3BAA1FF4DACD00B7F390 /* PlaySoundsViewController+Audio.swift in Sources */ = {isa = PBXBuildFile; fileRef = 2EDA3BA91FF4DACD00B7F390 /* PlaySoundsViewController+Audio.swift */; };
/* End PBXBuildFile section */

/* Begin PBXFileReference section */
		2EDA3B8F1FF4BFBE00B7F390 /* Pitch Perfect.app */ = {isa = PBXFileReference; explicitFileType = wrapper.application; includeInIndex = 0; path = "Pitch Perfect.app"; sourceTree = BUILT_PRODUCTS_DIR; };
		2EDA3B921FF4BFBE00B7F390 /* AppDelegate.swift */ = {isa = PBXFileReference; lastKnownFileType = sourcecode.swift; path = AppDelegate.swift; sourceTree = "<group>"; };
		2EDA3B941FF4BFBE00B7F390 /* RecordSoundsViewController.swift */ = {isa = PBXFileReference; lastKnownFileType = sourcecode.swift; path = RecordSoundsViewController.swift; sourceTree = "<group>"; };
		2EDA3B971FF4BFBE00B7F390 /* Base */ = {isa = PBXFileReference; lastKnownFileType = file.storyboard; name = Base; path = Base.lproj/Main.storyboard; sourceTree = "<group>"; };
		2EDA3B9A1FF4BFBE00B7F390 /* Pitch_Perfect.xcdatamodel */ = {isa = PBXFileReference; lastKnownFileType = wrapper.xcdatamodel; path = Pitch_Perfect.xcdatamodel; sourceTree = "<group>"; };
		2EDA3B9C1FF4BFBE00B7F390 /* Assets.xcassets */ = {isa = PBXFileReference; lastKnownFileType = folder.assetcatalog; path = Assets.xcassets; sourceTree = "<group>"; };
		2EDA3B9F1FF4BFBE00B7F390 /* Base */ = {isa = PBXFileReference; lastKnownFileType = file.storyboard; name = Base; path = Base.lproj/LaunchScreen.storyboard; sourceTree = "<group>"; };
		2EDA3BA11FF4BFBE00B7F390 /* Info.plist */ = {isa = PBXFileReference; lastKnownFileType = text.plist.xml; path = Info.plist; sourceTree = "<group>"; };
		2EDA3BA71FF4D2D100B7F390 /* PlaySoundsViewController.swift */ = {isa = PBXFileReference; lastKnownFileType = sourcecode.swift; path = PlaySoundsViewController.swift; sourceTree = "<group>"; };
		2EDA3BA91FF4DACD00B7F390 /* PlaySoundsViewController+Audio.swift */ = {isa = PBXFileReference; fileEncoding = 4; lastKnownFileType = sourcecode.swift; path = "PlaySoundsViewController+Audio.swift"; sourceTree = "<group>"; };
/* End PBXFileReference section */

/* Begin PBXFrameworksBuildPhase section */
		2EDA3B8C1FF4BFBE00B7F390 /* Frameworks */ = {
			isa = PBXFrameworksBuildPhase;
			buildActionMask = 2147483647;
			files = (
			);
			runOnlyForDeploymentPostprocessing = 0;
		};
/* End PBXFrameworksBuildPhase section */

/* Begin PBXGroup section */
		2EDA3B861FF4BFBE00B7F390 = {
			isa = PBXGroup;
			children = (
				2EDA3B911FF4BFBE00B7F390 /* Pitch Perfect */,
				2EDA3B901FF4BFBE00B7F390 /* Products */,
			);
			sourceTree = "<group>";
		};
		2EDA3B901FF4BFBE00B7F390 /* Products */ = {
			isa = PBXGroup;
			children = (
				2EDA3B8F1FF4BFBE00B7F390 /* Pitch Perfect.app */,
			);
			name = Products;
			sourceTree = "<group>";
		};
		2EDA3B911FF4BFBE00B7F390 /* Pitch Perfect */ = {
			isa = PBXGroup;
			children = (
				2EDA3BA91FF4DACD00B7F390 /* PlaySoundsViewController+Audio.swift */,
				2EDA3B921FF4BFBE00B7F390 /* AppDelegate.swift */,
				2EDA3B941FF4BFBE00B7F390 /* RecordSoundsViewController.swift */,
				2EDA3BA71FF4D2D100B7F390 /* PlaySoundsViewController.swift */,
				2EDA3B961FF4BFBE00B7F390 /* Main.storyboard */,
				2EDA3B9C1FF4BFBE00B7F390 /* Assets.xcassets */,
				2EDA3B9E1FF4BFBE00B7F390 /* LaunchScreen.storyboard */,
				2EDA3BA11FF4BFBE00B7F390 /* Info.plist */,
				2EDA3B991FF4BFBE00B7F390 /* Pitch_Perfect.xcdatamodeld */,
			);
			path = "Pitch Perfect";
			sourceTree = "<group>";
		};
/* End PBXGroup section */

/* Begin PBXNativeTarget section */
		2EDA3B8E1FF4BFBE00B7F390 /* Pitch Perfect */ = {
			isa = PBXNativeTarget;
			buildConfigurationList = 2EDA3BA41FF4BFBE00B7F390 /* Build configuration list for PBXNativeTarget "Pitch Perfect" */;
			buildPhases = (
				2EDA3B8B1FF4BFBE00B7F390 /* Sources */,
				2EDA3B8C1FF4BFBE00B7F390 /* Frameworks */,
				2EDA3B8D1FF4BFBE00B7F390 /* Resources */,
			);
			buildRules = (
			);
			dependencies = (
			);
			name = "Pitch Perfect";
			productName = "Pitch Perfect";
			productReference = 2EDA3B8F1FF4BFBE00B7F390 /* Pitch Perfect.app */;
			productType = "com.apple.product-type.application";
		};
/* End PBXNativeTarget section */

/* Begin PBXProject section */
		2EDA3B871FF4BFBE00B7F390 /* Project object */ = {
			isa = PBXProject;
			attributes = {
				LastSwiftUpdateCheck = 0900;
				LastUpgradeCheck = 0900;
				ORGANIZATIONNAME = "Wired Programmers";
				TargetAttributes = {
					2EDA3B8E1FF4BFBE00B7F390 = {
						CreatedOnToolsVersion = 9.0.1;
						ProvisioningStyle = Automatic;
					};
				};
			};
			buildConfigurationList = 2EDA3B8A1FF4BFBE00B7F390 /* Build configuration list for PBXProject "Pitch Perfect" */;
			compatibilityVersion = "Xcode 8.0";
			developmentRegion = en;
			hasScannedForEncodings = 0;
			knownRegions = (
				en,
				Base,
			);
			mainGroup = 2EDA3B861FF4BFBE00B7F390;
			productRefGroup = 2EDA3B901FF4BFBE00B7F390 /* Products */;
			projectDirPath = "";
			projectRoot = "";
			targets = (
				2EDA3B8E1FF4BFBE00B7F390 /* Pitch Perfect */,
			);
		};
/* End PBXProject section */

/* Begin PBXResourcesBuildPhase section */
		2EDA3B8D1FF4BFBE00B7F390 /* Resources */ = {
			isa = PBXResourcesBuildPhase;
			buildActionMask = 2147483647;
			files = (
				2EDA3BA01FF4BFBE00B7F390 /* LaunchScreen.storyboard in Resources */,
				2EDA3B9D1FF4BFBE00B7F390 /* Assets.xcassets in Resources */,
				2EDA3B981FF4BFBE00B7F390 /* Main.storyboard in Resources */,
			);
			runOnlyForDeploymentPostprocessing = 0;
		};
/* End PBXResourcesBuildPhase section */

/* Begin PBXSourcesBuildPhase section */
		2EDA3B8B1FF4BFBE00B7F390 /* Sources */ = {
			isa = PBXSourcesBuildPhase;
			buildActionMask = 2147483647;
			files = (
				2EDA3BAA1FF4DACD00B7F390 /* PlaySoundsViewController+Audio.swift in Sources */,
				2EDA3B951FF4BFBE00B7F390 /* RecordSoundsViewController.swift in Sources */,
				2EDA3B931FF4BFBE00B7F390 /* AppDelegate.swift in Sources */,
				2EDA3BA81FF4D2D100B7F390 /* PlaySoundsViewController.swift in Sources */,
				2EDA3B9B1FF4BFBE00B7F390 /* Pitch_Perfect.xcdatamodeld in Sources */,
			);
			runOnlyForDeploymentPostprocessing = 0;
		};
/* End PBXSourcesBuildPhase section */

/* Begin PBXVariantGroup section */
		2EDA3B961FF4BFBE00B7F390 /* Main.storyboard */ = {
			isa = PBXVariantGroup;
			children = (
				2EDA3B971FF4BFBE00B7F390 /* Base */,
			);
			name = Main.storyboard;
			sourceTree = "<group>";
		};
		2EDA3B9E1FF4BFBE00B7F390 /* LaunchScreen.storyboard */ = {
			isa = PBXVariantGroup;
			children = (
				2EDA3B9F1FF4BFBE00B7F390 /* Base */,
			);
			name = LaunchScreen.storyboard;
			sourceTree = "<group>";
		};
/* End PBXVariantGroup section */

/* Begin XCBuildConfiguration section */
		2EDA3BA21FF4BFBE00B7F390 /* Debug */ = {
			isa = XCBuildConfiguration;
			buildSettings = {
				ALWAYS_SEARCH_USER_PATHS = NO;
				CLANG_ANALYZER_NONNULL = YES;
				CLANG_ANALYZER_NUMBER_OBJECT_CONVERSION = YES_AGGRESSIVE;
				CLANG_CXX_LANGUAGE_STANDARD = "gnu++14";
				CLANG_CXX_LIBRARY = "libc++";
				CLANG_ENABLE_MODULES = YES;
				CLANG_ENABLE_OBJC_ARC = YES;
				CLANG_WARN_BLOCK_CAPTURE_AUTORELEASING = YES;
				CLANG_WARN_BOOL_CONVERSION = YES;
				CLANG_WARN_COMMA = YES;
				CLANG_WARN_CONSTANT_CONVERSION = YES;
				CLANG_WARN_DIRECT_OBJC_ISA_USAGE = YES_ERROR;
				CLANG_WARN_DOCUMENTATION_COMMENTS = YES;
				CLANG_WARN_EMPTY_BODY = YES;
				CLANG_WARN_ENUM_CONVERSION = YES;
				CLANG_WARN_INFINITE_RECURSION = YES;
				CLANG_WARN_INT_CONVERSION = YES;
				CLANG_WARN_NON_LITERAL_NULL_CONVERSION = YES;
				CLANG_WARN_OBJC_LITERAL_CONVERSION = YES;
				CLANG_WARN_OBJC_ROOT_CLASS = YES_ERROR;
				CLANG_WARN_RANGE_LOOP_ANALYSIS = YES;
				CLANG_WARN_STRICT_PROTOTYPES = YES;
				CLANG_WARN_SUSPICIOUS_MOVE = YES;
				CLANG_WARN_UNGUARDED_AVAILABILITY = YES_AGGRESSIVE;
				CLANG_WARN_UNREACHABLE_CODE = YES;
				CLANG_WARN__DUPLICATE_METHOD_MATCH = YES;
				CODE_SIGN_IDENTITY = "iPhone Developer";
				COPY_PHASE_STRIP = NO;
				DEBUG_INFORMATION_FORMAT = dwarf;
				ENABLE_STRICT_OBJC_MSGSEND = YES;
				ENABLE_TESTABILITY = YES;
				GCC_C_LANGUAGE_STANDARD = gnu11;
				GCC_DYNAMIC_NO_PIC = NO;
				GCC_NO_COMMON_BLOCKS = YES;
				GCC_OPTIMIZATION_LEVEL = 0;
				GCC_PREPROCESSOR_DEFINITIONS = (
					"DEBUG=1",
					"$(inherited)",
				);
				GCC_WARN_64_TO_32_BIT_CONVERSION = YES;
				GCC_WARN_ABOUT_RETURN_TYPE = YES_ERROR;
				GCC_WARN_UNDECLARED_SELECTOR = YES;
				GCC_WARN_UNINITIALIZED_AUTOS = YES_AGGRESSIVE;
				GCC_WARN_UNUSED_FUNCTION = YES;
				GCC_WARN_UNUSED_VARIABLE = YES;
				IPHONEOS_DEPLOYMENT_TARGET = 11.0;
				MTL_ENABLE_DEBUG_INFO = YES;
				ONLY_ACTIVE_ARCH = YES;
				SDKROOT = iphoneos;
				SWIFT_ACTIVE_COMPILATION_CONDITIONS = DEBUG;
				SWIFT_OPTIMIZATION_LEVEL = "-Onone";
			};
			name = Debug;
		};
		2EDA3BA31FF4BFBE00B7F390 /* Release */ = {
			isa = XCBuildConfiguration;
			buildSettings = {
				ALWAYS_SEARCH_USER_PATHS = NO;
				CLANG_ANALYZER_NONNULL = YES;
				CLANG_ANALYZER_NUMBER_OBJECT_CONVERSION = YES_AGGRESSIVE;
				CLANG_CXX_LANGUAGE_STANDARD = "gnu++14";
				CLANG_CXX_LIBRARY = "libc++";
				CLANG_ENABLE_MODULES = YES;
				CLANG_ENABLE_OBJC_ARC = YES;
				CLANG_WARN_BLOCK_CAPTURE_AUTORELEASING = YES;
				CLANG_WARN_BOOL_CONVERSION = YES;
				CLANG_WARN_COMMA = YES;
				CLANG_WARN_CONSTANT_CONVERSION = YES;
				CLANG_WARN_DIRECT_OBJC_ISA_USAGE = YES_ERROR;
				CLANG_WARN_DOCUMENTATION_COMMENTS = YES;
				CLANG_WARN_EMPTY_BODY = YES;
				CLANG_WARN_ENUM_CONVERSION = YES;
				CLANG_WARN_INFINITE_RECURSION = YES;
				CLANG_WARN_INT_CONVERSION = YES;
				CLANG_WARN_NON_LITERAL_NULL_CONVERSION = YES;
				CLANG_WARN_OBJC_LITERAL_CONVERSION = YES;
				CLANG_WARN_OBJC_ROOT_CLASS = YES_ERROR;
				CLANG_WARN_RANGE_LOOP_ANALYSIS = YES;
				CLANG_WARN_STRICT_PROTOTYPES = YES;
				CLANG_WARN_SUSPICIOUS_MOVE = YES;
				CLANG_WARN_UNGUARDED_AVAILABILITY = YES_AGGRESSIVE;
				CLANG_WARN_UNREACHABLE_CODE = YES;
				CLANG_WARN__DUPLICATE_METHOD_MATCH = YES;
				CODE_SIGN_IDENTITY = "iPhone Developer";
				COPY_PHASE_STRIP = NO;
				DEBUG_INFORMATION_FORMAT = "dwarf-with-dsym";
				ENABLE_NS_ASSERTIONS = NO;
				ENABLE_STRICT_OBJC_MSGSEND = YES;
				GCC_C_LANGUAGE_STANDARD = gnu11;
				GCC_NO_COMMON_BLOCKS = YES;
				GCC_WARN_64_TO_32_BIT_CONVERSION = YES;
				GCC_WARN_ABOUT_RETURN_TYPE = YES_ERROR;
				GCC_WARN_UNDECLARED_SELECTOR = YES;
				GCC_WARN_UNINITIALIZED_AUTOS = YES_AGGRESSIVE;
				GCC_WARN_UNUSED_FUNCTION = YES;
				GCC_WARN_UNUSED_VARIABLE = YES;
				IPHONEOS_DEPLOYMENT_TARGET = 11.0;
				MTL_ENABLE_DEBUG_INFO = NO;
				SDKROOT = iphoneos;
				SWIFT_OPTIMIZATION_LEVEL = "-Owholemodule";
				VALIDATE_PRODUCT = YES;
			};
			name = Release;
		};
		2EDA3BA51FF4BFBE00B7F390 /* Debug */ = {
			isa = XCBuildConfiguration;
			buildSettings = {
				ASSETCATALOG_COMPILER_APPICON_NAME = AppIcon;
				CODE_SIGN_STYLE = Automatic;
				INFOPLIST_FILE = "Pitch Perfect/Info.plist";
				LD_RUNPATH_SEARCH_PATHS = "$(inherited) @executable_path/Frameworks";
				PRODUCT_BUNDLE_IDENTIFIER = "com.wiredprogrammers.Pitch-Perfect";
				PRODUCT_NAME = "$(TARGET_NAME)";
				SWIFT_VERSION = 4.0;
				TARGETED_DEVICE_FAMILY = "1,2";
			};
			name = Debug;
		};
		2EDA3BA61FF4BFBE00B7F390 /* Release */ = {
			isa = XCBuildConfiguration;
			buildSettings = {
				ASSETCATALOG_COMPILER_APPICON_NAME = AppIcon;
				CODE_SIGN_STYLE = Automatic;
				INFOPLIST_FILE = "Pitch Perfect/Info.plist";
				LD_RUNPATH_SEARCH_PATHS = "$(inherited) @executable_path/Frameworks";
				PRODUCT_BUNDLE_IDENTIFIER = "com.wiredprogrammers.Pitch-Perfect";
				PRODUCT_NAME = "$(TARGET_NAME)";
				SWIFT_VERSION = 4.0;
				TARGETED_DEVICE_FAMILY = "1,2";
			};
			name = Release;
		};
/* End XCBuildConfiguration section */

/* Begin XCConfigurationList section */
		2EDA3B8A1FF4BFBE00B7F390 /* Build configuration list for PBXProject "Pitch Perfect" */ = {
			isa = XCConfigurationList;
			buildConfigurations = (
				2EDA3BA21FF4BFBE00B7F390 /* Debug */,
				2EDA3BA31FF4BFBE00B7F390 /* Release */,
			);
			defaultConfigurationIsVisible = 0;
			defaultConfigurationName = Release;
		};
		2EDA3BA41FF4BFBE00B7F390 /* Build configuration list for PBXNativeTarget "Pitch Perfect" */ = {
			isa = XCConfigurationList;
			buildConfigurations = (
				2EDA3BA51FF4BFBE00B7F390 /* Debug */,
				2EDA3BA61FF4BFBE00B7F390 /* Release */,
			);
			defaultConfigurationIsVisible = 0;
			defaultConfigurationName = Release;
		};
/* End XCConfigurationList section */

/* Begin XCVersionGroup section */
		2EDA3B991FF4BFBE00B7F390 /* Pitch_Perfect.xcdatamodeld */ = {
			isa = XCVersionGroup;
			children = (
				2EDA3B9A1FF4BFBE00B7F390 /* Pitch_Perfect.xcdatamodel */,
			);
			currentVersion = 2EDA3B9A1FF4BFBE00B7F390 /* Pitch_Perfect.xcdatamodel */;
			path = Pitch_Perfect.xcdatamodeld;
			sourceTree = "<group>";
			versionGroupType = wrapper.xcdatamodel;
		};
/* End XCVersionGroup section */
	};
	rootObject = 2EDA3B871FF4BFBE00B7F390 /* Project object */;
}
